// !$*UTF8*$!
{
	archiveVersion = 1;
	classes = {
	};
	objectVersion = 51;
	objects = {

/* Begin PBXBuildFile section */
		0A30996FEE833B1C60685AC5 /* Pods_PartyMantra.framework in Frameworks */ = {isa = PBXBuildFile; fileRef = B692E78AF008A8CBFCFD2AC2 /* Pods_PartyMantra.framework */; };
		3B0411F224274E1D000C9402 /* MoreInfoTableViewCell.swift in Sources */ = {isa = PBXBuildFile; fileRef = 3B0411F024274E1D000C9402 /* MoreInfoTableViewCell.swift */; };
		3B0411F324274E1D000C9402 /* MoreInfoTableViewCell.xib in Resources */ = {isa = PBXBuildFile; fileRef = 3B0411F124274E1D000C9402 /* MoreInfoTableViewCell.xib */; };
		3B0411F724274FF8000C9402 /* moreSubTableViewCell.swift in Sources */ = {isa = PBXBuildFile; fileRef = 3B0411F524274FF8000C9402 /* moreSubTableViewCell.swift */; };
		3B0411F824274FF8000C9402 /* moreSubTableViewCell.xib in Resources */ = {isa = PBXBuildFile; fileRef = 3B0411F624274FF8000C9402 /* moreSubTableViewCell.xib */; };
		3B0411FA242755A2000C9402 /* Utilities.swift in Sources */ = {isa = PBXBuildFile; fileRef = 3B0411F9242755A2000C9402 /* Utilities.swift */; };
		3B0411FD242756A5000C9402 /* correct.svg in Resources */ = {isa = PBXBuildFile; fileRef = 3B0411FC242756A5000C9402 /* correct.svg */; };
		3B04120224276523000C9402 /* EventDescTableViewCell.swift in Sources */ = {isa = PBXBuildFile; fileRef = 3B04120024276523000C9402 /* EventDescTableViewCell.swift */; };
		3B04120324276523000C9402 /* EventDescTableViewCell.xib in Resources */ = {isa = PBXBuildFile; fileRef = 3B04120124276523000C9402 /* EventDescTableViewCell.xib */; };
		3B04120524276818000C9402 /* event.svg in Resources */ = {isa = PBXBuildFile; fileRef = 3B04120424276818000C9402 /* event.svg */; };
		3B04120924277088000C9402 /* CoverChargesTableViewCell.swift in Sources */ = {isa = PBXBuildFile; fileRef = 3B04120724277087000C9402 /* CoverChargesTableViewCell.swift */; };
		3B04120A24277088000C9402 /* CoverChargesTableViewCell.xib in Resources */ = {isa = PBXBuildFile; fileRef = 3B04120824277087000C9402 /* CoverChargesTableViewCell.xib */; };
		3B04120D2427762C000C9402 /* CoverTableViewCell.swift in Sources */ = {isa = PBXBuildFile; fileRef = 3B04120B2427762C000C9402 /* CoverTableViewCell.swift */; };
		3B04120E2427762C000C9402 /* CoverTableViewCell.xib in Resources */ = {isa = PBXBuildFile; fileRef = 3B04120C2427762C000C9402 /* CoverTableViewCell.xib */; };
		3B04121124277BFC000C9402 /* more.svg in Resources */ = {isa = PBXBuildFile; fileRef = 3B04120F24277BFC000C9402 /* more.svg */; };
		3B04121224277BFC000C9402 /* minus.svg in Resources */ = {isa = PBXBuildFile; fileRef = 3B04121024277BFC000C9402 /* minus.svg */; };
		3B041216242792DA000C9402 /* PackagesTableViewCell.swift in Sources */ = {isa = PBXBuildFile; fileRef = 3B041214242792DA000C9402 /* PackagesTableViewCell.swift */; };
		3B041217242792DA000C9402 /* PackagesTableViewCell.xib in Resources */ = {isa = PBXBuildFile; fileRef = 3B041215242792DA000C9402 /* PackagesTableViewCell.xib */; };
		3B0412192427952B000C9402 /* bag.svg in Resources */ = {isa = PBXBuildFile; fileRef = 3B0412182427952B000C9402 /* bag.svg */; };
		3B04121D24279768000C9402 /* ViewMoreTableViewCell.swift in Sources */ = {isa = PBXBuildFile; fileRef = 3B04121B24279768000C9402 /* ViewMoreTableViewCell.swift */; };
		3B04121E24279768000C9402 /* ViewMoreTableViewCell.xib in Resources */ = {isa = PBXBuildFile; fileRef = 3B04121C24279768000C9402 /* ViewMoreTableViewCell.xib */; };
		3B04122124279BB4000C9402 /* ViewMoreCollectionViewCell.swift in Sources */ = {isa = PBXBuildFile; fileRef = 3B04121F24279BB4000C9402 /* ViewMoreCollectionViewCell.swift */; };
		3B04122224279BB4000C9402 /* ViewMoreCollectionViewCell.xib in Resources */ = {isa = PBXBuildFile; fileRef = 3B04122024279BB4000C9402 /* ViewMoreCollectionViewCell.xib */; };
		3B4F29C92430A60500832ADA /* DatePicker.storyboard in Resources */ = {isa = PBXBuildFile; fileRef = 3B4F29C82430A60500832ADA /* DatePicker.storyboard */; };
		3B4F29CB2430A65E00832ADA /* CustomPickerViewController.swift in Sources */ = {isa = PBXBuildFile; fileRef = 3B4F29CA2430A65D00832ADA /* CustomPickerViewController.swift */; };
		3B4F29CD2430A66400832ADA /* DatePicker.swift in Sources */ = {isa = PBXBuildFile; fileRef = 3B4F29CC2430A66400832ADA /* DatePicker.swift */; };
		3B4F29D12430F6C700832ADA /* EnterContactDetailsTableViewCell.swift in Sources */ = {isa = PBXBuildFile; fileRef = 3B4F29CF2430F6C700832ADA /* EnterContactDetailsTableViewCell.swift */; };
		3B4F29D22430F6C700832ADA /* EnterContactDetailsTableViewCell.xib in Resources */ = {isa = PBXBuildFile; fileRef = 3B4F29D02430F6C700832ADA /* EnterContactDetailsTableViewCell.xib */; };
		3B4F29D52430FDA800832ADA /* UITableView+Ext.swift in Sources */ = {isa = PBXBuildFile; fileRef = 3B4F29D32430FDA800832ADA /* UITableView+Ext.swift */; };
		3B4F29D62430FDA800832ADA /* UIView+Extensions.swift in Sources */ = {isa = PBXBuildFile; fileRef = 3B4F29D42430FDA800832ADA /* UIView+Extensions.swift */; };
		3B4F29DA2430FF5F00832ADA /* TermsAndConditionTableViewCell.swift in Sources */ = {isa = PBXBuildFile; fileRef = 3B4F29D82430FF5F00832ADA /* TermsAndConditionTableViewCell.swift */; };
		3B4F29DB2430FF5F00832ADA /* TermsAndConditionTableViewCell.xib in Resources */ = {isa = PBXBuildFile; fileRef = 3B4F29D92430FF5F00832ADA /* TermsAndConditionTableViewCell.xib */; };
		3B4F29DF243110E000832ADA /* SubmitBtnTableViewCell.swift in Sources */ = {isa = PBXBuildFile; fileRef = 3B4F29DD243110E000832ADA /* SubmitBtnTableViewCell.swift */; };
		3B4F29E0243110E000832ADA /* SubmitBtnTableViewCell.xib in Resources */ = {isa = PBXBuildFile; fileRef = 3B4F29DE243110E000832ADA /* SubmitBtnTableViewCell.xib */; };
		3B4F29E32431135A00832ADA /* EventCartViewController.swift in Sources */ = {isa = PBXBuildFile; fileRef = 3B4F29E22431135A00832ADA /* EventCartViewController.swift */; };
		3B4F29E72431189600832ADA /* EventDetailInfoTableViewCell.swift in Sources */ = {isa = PBXBuildFile; fileRef = 3B4F29E52431189600832ADA /* EventDetailInfoTableViewCell.swift */; };
		3B4F29E82431189600832ADA /* EventDetailInfoTableViewCell.xib in Resources */ = {isa = PBXBuildFile; fileRef = 3B4F29E62431189600832ADA /* EventDetailInfoTableViewCell.xib */; };
		3B4F29EC24311C2900832ADA /* PackageCheckoutTableViewCell.swift in Sources */ = {isa = PBXBuildFile; fileRef = 3B4F29EA24311C2900832ADA /* PackageCheckoutTableViewCell.swift */; };
		3B4F29ED24311C2900832ADA /* PackageCheckoutTableViewCell.xib in Resources */ = {isa = PBXBuildFile; fileRef = 3B4F29EB24311C2900832ADA /* PackageCheckoutTableViewCell.xib */; };
		3B4F29F024311F4C00832ADA /* selectedPackageTableViewCell.swift in Sources */ = {isa = PBXBuildFile; fileRef = 3B4F29EE24311F4C00832ADA /* selectedPackageTableViewCell.swift */; };
		3B4F29F124311F4C00832ADA /* selectedPackageTableViewCell.xib in Resources */ = {isa = PBXBuildFile; fileRef = 3B4F29EF24311F4C00832ADA /* selectedPackageTableViewCell.xib */; };
		3B4F29F52431250400832ADA /* AllTaxesTableViewCell.swift in Sources */ = {isa = PBXBuildFile; fileRef = 3B4F29F32431250400832ADA /* AllTaxesTableViewCell.swift */; };
		3B4F29F62431250400832ADA /* AllTaxesTableViewCell.xib in Resources */ = {isa = PBXBuildFile; fileRef = 3B4F29F42431250400832ADA /* AllTaxesTableViewCell.xib */; };
		3B4F29F92431269A00832ADA /* SpecialEventDetailsTableViewCell.swift in Sources */ = {isa = PBXBuildFile; fileRef = 3B4F29F72431269A00832ADA /* SpecialEventDetailsTableViewCell.swift */; };
		3B4F29FA2431269A00832ADA /* SpecialEventDetailsTableViewCell.xib in Resources */ = {isa = PBXBuildFile; fileRef = 3B4F29F82431269A00832ADA /* SpecialEventDetailsTableViewCell.xib */; };
		3B4F29FE24312A9200832ADA /* UseWalletTableViewCell.swift in Sources */ = {isa = PBXBuildFile; fileRef = 3B4F29FC24312A9200832ADA /* UseWalletTableViewCell.swift */; };
		3B4F29FF24312A9200832ADA /* UseWalletTableViewCell.xib in Resources */ = {isa = PBXBuildFile; fileRef = 3B4F29FD24312A9200832ADA /* UseWalletTableViewCell.xib */; };
		3B6754A8242683DC005C97CA /* EventDetail.swift in Sources */ = {isa = PBXBuildFile; fileRef = 3B6754A7242683DC005C97CA /* EventDetail.swift */; };
		BF26AA2D242F3A2D00FC61BC /* UserProfile.swift in Sources */ = {isa = PBXBuildFile; fileRef = BF26AA2C242F3A2D00FC61BC /* UserProfile.swift */; };
		BF272C34242DD25D00202A71 /* MyProfileUpdateViewController.swift in Sources */ = {isa = PBXBuildFile; fileRef = BF272C33242DD25D00202A71 /* MyProfileUpdateViewController.swift */; };
		BF2B8A602427443B00727866 /* Miscellaneous.storyboard in Resources */ = {isa = PBXBuildFile; fileRef = BF2B8A5F2427443B00727866 /* Miscellaneous.storyboard */; };
		BF2B8A62242744CE00727866 /* EventSearchViewController.swift in Sources */ = {isa = PBXBuildFile; fileRef = BF2B8A61242744CE00727866 /* EventSearchViewController.swift */; };
		BF2BBA4C242CF4E00064EC59 /* UpdateProfileViewController.swift in Sources */ = {isa = PBXBuildFile; fileRef = BF2BBA4B242CF4E00064EC59 /* UpdateProfileViewController.swift */; };
		BF2BBA4E242CFB050064EC59 /* ProfileTableViewCell.swift in Sources */ = {isa = PBXBuildFile; fileRef = BF2BBA4D242CFB050064EC59 /* ProfileTableViewCell.swift */; };
		BF2E42D9243081F30068C6BF /* Validation.swift in Sources */ = {isa = PBXBuildFile; fileRef = BF2E42D8243081F30068C6BF /* Validation.swift */; };
		BF2E42DB2430A0830068C6BF /* ImagePickerClass.swift in Sources */ = {isa = PBXBuildFile; fileRef = BF2E42DA2430A0830068C6BF /* ImagePickerClass.swift */; };
		BF2EEAF02430D6D500F286E9 /* OTPViewController.swift in Sources */ = {isa = PBXBuildFile; fileRef = BF2EEAEF2430D6D500F286E9 /* OTPViewController.swift */; };
		BF2EEAF22430F6ED00F286E9 /* DPOTPView.swift in Sources */ = {isa = PBXBuildFile; fileRef = BF2EEAF12430F6ED00F286E9 /* DPOTPView.swift */; };
		BF2EEAF42431023400F286E9 /* LocationSelectViewController.swift in Sources */ = {isa = PBXBuildFile; fileRef = BF2EEAF32431023400F286E9 /* LocationSelectViewController.swift */; };
		BF6D1ED42424CBE300DC018C /* BannerTableViewCell.swift in Sources */ = {isa = PBXBuildFile; fileRef = BF6D1ED32424CBE300DC018C /* BannerTableViewCell.swift */; };
		BF87734D2423AF6200CF8C5D /* AppDelegate.swift in Sources */ = {isa = PBXBuildFile; fileRef = BF87734C2423AF6200CF8C5D /* AppDelegate.swift */; };
		BF8773542423AF6200CF8C5D /* Main.storyboard in Resources */ = {isa = PBXBuildFile; fileRef = BF8773522423AF6200CF8C5D /* Main.storyboard */; };
		BF8773562423AF6300CF8C5D /* Assets.xcassets in Resources */ = {isa = PBXBuildFile; fileRef = BF8773552423AF6300CF8C5D /* Assets.xcassets */; };
		BF8773592423AF6300CF8C5D /* LaunchScreen.storyboard in Resources */ = {isa = PBXBuildFile; fileRef = BF8773572423AF6300CF8C5D /* LaunchScreen.storyboard */; };
		BF8773662423BB1C00CF8C5D /* BaseViewController.swift in Sources */ = {isa = PBXBuildFile; fileRef = BF8773632423BB1C00CF8C5D /* BaseViewController.swift */; };
		BF8773672423BB1C00CF8C5D /* LoginViewController.swift in Sources */ = {isa = PBXBuildFile; fileRef = BF8773642423BB1C00CF8C5D /* LoginViewController.swift */; };
		BF8773682423BB1C00CF8C5D /* UIViewExtension.swift in Sources */ = {isa = PBXBuildFile; fileRef = BF8773652423BB1C00CF8C5D /* UIViewExtension.swift */; };
		BF8773732423BDD400CF8C5D /* Model.swift in Sources */ = {isa = PBXBuildFile; fileRef = BF8773722423BDD400CF8C5D /* Model.swift */; };
		BF8773762423BDFD00CF8C5D /* GlobalFunction.swift in Sources */ = {isa = PBXBuildFile; fileRef = BF8773742423BDFD00CF8C5D /* GlobalFunction.swift */; };
		BF8773772423BDFD00CF8C5D /* Constants.swift in Sources */ = {isa = PBXBuildFile; fileRef = BF8773752423BDFD00CF8C5D /* Constants.swift */; };
		BF8773792423BE5600CF8C5D /* AppExtension.swift in Sources */ = {isa = PBXBuildFile; fileRef = BF8773782423BE5600CF8C5D /* AppExtension.swift */; };
		BF87737F2423BF0B00CF8C5D /* NetworkManager.swift in Sources */ = {isa = PBXBuildFile; fileRef = BF87737B2423BF0B00CF8C5D /* NetworkManager.swift */; };
		BF8773802423BF0B00CF8C5D /* Network.swift in Sources */ = {isa = PBXBuildFile; fileRef = BF87737C2423BF0B00CF8C5D /* Network.swift */; };
		BF8773812423BF0B00CF8C5D /* Loader.swift in Sources */ = {isa = PBXBuildFile; fileRef = BF87737D2423BF0B00CF8C5D /* Loader.swift */; };
		BF8773822423BF0B00CF8C5D /* Server.swift in Sources */ = {isa = PBXBuildFile; fileRef = BF87737E2423BF0B00CF8C5D /* Server.swift */; };
		BF8773932423C0F500CF8C5D /* OrderViewController.swift in Sources */ = {isa = PBXBuildFile; fileRef = BF8773852423C0F500CF8C5D /* OrderViewController.swift */; };
		BF8773942423C0F500CF8C5D /* ClubEventViewController.swift in Sources */ = {isa = PBXBuildFile; fileRef = BF8773862423C0F500CF8C5D /* ClubEventViewController.swift */; };
		BF8773952423C0F500CF8C5D /* PartiesViewController.swift in Sources */ = {isa = PBXBuildFile; fileRef = BF8773872423C0F500CF8C5D /* PartiesViewController.swift */; };
		BF8773962423C0F500CF8C5D /* DiningViewController.swift in Sources */ = {isa = PBXBuildFile; fileRef = BF8773882423C0F500CF8C5D /* DiningViewController.swift */; };
		BF8773972423C0F500CF8C5D /* WalletViewController.swift in Sources */ = {isa = PBXBuildFile; fileRef = BF8773892423C0F500CF8C5D /* WalletViewController.swift */; };
		BF8773982423C0F500CF8C5D /* HomeViewController.swift in Sources */ = {isa = PBXBuildFile; fileRef = BF87738A2423C0F500CF8C5D /* HomeViewController.swift */; };
		BF8773992423C0F500CF8C5D /* CollectionDetailViewController.swift in Sources */ = {isa = PBXBuildFile; fileRef = BF87738B2423C0F500CF8C5D /* CollectionDetailViewController.swift */; };
		BF87739A2423C0F500CF8C5D /* AddBalanceViewController.swift in Sources */ = {isa = PBXBuildFile; fileRef = BF87738C2423C0F500CF8C5D /* AddBalanceViewController.swift */; };
		BF87739B2423C0F500CF8C5D /* HomePageViewController.swift in Sources */ = {isa = PBXBuildFile; fileRef = BF87738D2423C0F500CF8C5D /* HomePageViewController.swift */; };
		BF87739C2423C0F500CF8C5D /* WebViewController.swift in Sources */ = {isa = PBXBuildFile; fileRef = BF87738E2423C0F500CF8C5D /* WebViewController.swift */; };
		BF87739D2423C0F500CF8C5D /* TabbarViewController.swift in Sources */ = {isa = PBXBuildFile; fileRef = BF87738F2423C0F500CF8C5D /* TabbarViewController.swift */; };
		BF87739E2423C0F500CF8C5D /* ProfileViewController.swift in Sources */ = {isa = PBXBuildFile; fileRef = BF8773902423C0F500CF8C5D /* ProfileViewController.swift */; };
		BF87739F2423C0F500CF8C5D /* NotificationViewController.swift in Sources */ = {isa = PBXBuildFile; fileRef = BF8773912423C0F500CF8C5D /* NotificationViewController.swift */; };
		BF8773A02423C0F500CF8C5D /* CollectionViewController.swift in Sources */ = {isa = PBXBuildFile; fileRef = BF8773922423C0F500CF8C5D /* CollectionViewController.swift */; };
		BF8773A62423C12B00CF8C5D /* TopMenuBarCollectionCell.swift in Sources */ = {isa = PBXBuildFile; fileRef = BF8773A22423C12B00CF8C5D /* TopMenuBarCollectionCell.swift */; };
		BF8773A72423C12B00CF8C5D /* TopMenuBarCollectionCell.xib in Resources */ = {isa = PBXBuildFile; fileRef = BF8773A32423C12B00CF8C5D /* TopMenuBarCollectionCell.xib */; };
		BF8773A82423C12B00CF8C5D /* TopMenuBar.swift in Sources */ = {isa = PBXBuildFile; fileRef = BF8773A42423C12B00CF8C5D /* TopMenuBar.swift */; };
		BF8773A92423C12B00CF8C5D /* TopMenuBar.xib in Resources */ = {isa = PBXBuildFile; fileRef = BF8773A52423C12B00CF8C5D /* TopMenuBar.xib */; };
		BF8773AC2423C17D00CF8C5D /* AutoScrollingCollectionView.swift in Sources */ = {isa = PBXBuildFile; fileRef = BF8773AB2423C17D00CF8C5D /* AutoScrollingCollectionView.swift */; };
		BF8773AF2423C1D300CF8C5D /* Home.storyboard in Resources */ = {isa = PBXBuildFile; fileRef = BF8773AE2423C1D300CF8C5D /* Home.storyboard */; };
		BF99CEC02425C37D0051E775 /* EventDetailsViewController.swift in Sources */ = {isa = PBXBuildFile; fileRef = BF99CEBF2425C37D0051E775 /* EventDetailsViewController.swift */; };
		BF99CEC22425C3920051E775 /* Events.storyboard in Resources */ = {isa = PBXBuildFile; fileRef = BF99CEC12425C3920051E775 /* Events.storyboard */; };
		BF99CEC42425D6670051E775 /* CustomTableViewCell.swift in Sources */ = {isa = PBXBuildFile; fileRef = BF99CEC32425D6670051E775 /* CustomTableViewCell.swift */; };
		BFE54B87242E438C006D813B /* MyProfileUpdateTableViewCell.swift in Sources */ = {isa = PBXBuildFile; fileRef = BFE54B86242E438C006D813B /* MyProfileUpdateTableViewCell.swift */; };
/* End PBXBuildFile section */

/* Begin PBXFileReference section */
		250F4D8406A879E019532AD7 /* Pods-PartyMantra.debug.xcconfig */ = {isa = PBXFileReference; includeInIndex = 1; lastKnownFileType = text.xcconfig; name = "Pods-PartyMantra.debug.xcconfig"; path = "Target Support Files/Pods-PartyMantra/Pods-PartyMantra.debug.xcconfig"; sourceTree = "<group>"; };
		3B0411F024274E1D000C9402 /* MoreInfoTableViewCell.swift */ = {isa = PBXFileReference; lastKnownFileType = sourcecode.swift; path = MoreInfoTableViewCell.swift; sourceTree = "<group>"; };
		3B0411F124274E1D000C9402 /* MoreInfoTableViewCell.xib */ = {isa = PBXFileReference; lastKnownFileType = file.xib; path = MoreInfoTableViewCell.xib; sourceTree = "<group>"; };
		3B0411F524274FF8000C9402 /* moreSubTableViewCell.swift */ = {isa = PBXFileReference; lastKnownFileType = sourcecode.swift; path = moreSubTableViewCell.swift; sourceTree = "<group>"; };
		3B0411F624274FF8000C9402 /* moreSubTableViewCell.xib */ = {isa = PBXFileReference; lastKnownFileType = file.xib; path = moreSubTableViewCell.xib; sourceTree = "<group>"; };
		3B0411F9242755A2000C9402 /* Utilities.swift */ = {isa = PBXFileReference; lastKnownFileType = sourcecode.swift; path = Utilities.swift; sourceTree = "<group>"; };
		3B0411FC242756A5000C9402 /* correct.svg */ = {isa = PBXFileReference; fileEncoding = 4; lastKnownFileType = text; path = correct.svg; sourceTree = "<group>"; };
		3B04120024276523000C9402 /* EventDescTableViewCell.swift */ = {isa = PBXFileReference; lastKnownFileType = sourcecode.swift; path = EventDescTableViewCell.swift; sourceTree = "<group>"; };
		3B04120124276523000C9402 /* EventDescTableViewCell.xib */ = {isa = PBXFileReference; lastKnownFileType = file.xib; path = EventDescTableViewCell.xib; sourceTree = "<group>"; };
		3B04120424276818000C9402 /* event.svg */ = {isa = PBXFileReference; fileEncoding = 4; lastKnownFileType = text.xml; path = event.svg; sourceTree = "<group>"; };
		3B04120724277087000C9402 /* CoverChargesTableViewCell.swift */ = {isa = PBXFileReference; lastKnownFileType = sourcecode.swift; path = CoverChargesTableViewCell.swift; sourceTree = "<group>"; };
		3B04120824277087000C9402 /* CoverChargesTableViewCell.xib */ = {isa = PBXFileReference; lastKnownFileType = file.xib; path = CoverChargesTableViewCell.xib; sourceTree = "<group>"; };
		3B04120B2427762C000C9402 /* CoverTableViewCell.swift */ = {isa = PBXFileReference; lastKnownFileType = sourcecode.swift; path = CoverTableViewCell.swift; sourceTree = "<group>"; };
		3B04120C2427762C000C9402 /* CoverTableViewCell.xib */ = {isa = PBXFileReference; lastKnownFileType = file.xib; path = CoverTableViewCell.xib; sourceTree = "<group>"; };
		3B04120F24277BFC000C9402 /* more.svg */ = {isa = PBXFileReference; fileEncoding = 4; lastKnownFileType = text; path = more.svg; sourceTree = "<group>"; };
		3B04121024277BFC000C9402 /* minus.svg */ = {isa = PBXFileReference; fileEncoding = 4; lastKnownFileType = text; path = minus.svg; sourceTree = "<group>"; };
		3B041214242792DA000C9402 /* PackagesTableViewCell.swift */ = {isa = PBXFileReference; lastKnownFileType = sourcecode.swift; path = PackagesTableViewCell.swift; sourceTree = "<group>"; };
		3B041215242792DA000C9402 /* PackagesTableViewCell.xib */ = {isa = PBXFileReference; lastKnownFileType = file.xib; path = PackagesTableViewCell.xib; sourceTree = "<group>"; };
		3B0412182427952B000C9402 /* bag.svg */ = {isa = PBXFileReference; fileEncoding = 4; lastKnownFileType = text.xml; path = bag.svg; sourceTree = "<group>"; };
		3B04121B24279768000C9402 /* ViewMoreTableViewCell.swift */ = {isa = PBXFileReference; lastKnownFileType = sourcecode.swift; path = ViewMoreTableViewCell.swift; sourceTree = "<group>"; };
		3B04121C24279768000C9402 /* ViewMoreTableViewCell.xib */ = {isa = PBXFileReference; lastKnownFileType = file.xib; path = ViewMoreTableViewCell.xib; sourceTree = "<group>"; };
		3B04121F24279BB4000C9402 /* ViewMoreCollectionViewCell.swift */ = {isa = PBXFileReference; lastKnownFileType = sourcecode.swift; path = ViewMoreCollectionViewCell.swift; sourceTree = "<group>"; };
		3B04122024279BB4000C9402 /* ViewMoreCollectionViewCell.xib */ = {isa = PBXFileReference; lastKnownFileType = file.xib; path = ViewMoreCollectionViewCell.xib; sourceTree = "<group>"; };
		3B4F29C82430A60500832ADA /* DatePicker.storyboard */ = {isa = PBXFileReference; lastKnownFileType = file.storyboard; path = DatePicker.storyboard; sourceTree = "<group>"; };
		3B4F29CA2430A65D00832ADA /* CustomPickerViewController.swift */ = {isa = PBXFileReference; fileEncoding = 4; lastKnownFileType = sourcecode.swift; path = CustomPickerViewController.swift; sourceTree = "<group>"; };
		3B4F29CC2430A66400832ADA /* DatePicker.swift */ = {isa = PBXFileReference; fileEncoding = 4; lastKnownFileType = sourcecode.swift; path = DatePicker.swift; sourceTree = "<group>"; };
		3B4F29CF2430F6C700832ADA /* EnterContactDetailsTableViewCell.swift */ = {isa = PBXFileReference; lastKnownFileType = sourcecode.swift; path = EnterContactDetailsTableViewCell.swift; sourceTree = "<group>"; };
		3B4F29D02430F6C700832ADA /* EnterContactDetailsTableViewCell.xib */ = {isa = PBXFileReference; lastKnownFileType = file.xib; path = EnterContactDetailsTableViewCell.xib; sourceTree = "<group>"; };
		3B4F29D32430FDA800832ADA /* UITableView+Ext.swift */ = {isa = PBXFileReference; fileEncoding = 4; lastKnownFileType = sourcecode.swift; path = "UITableView+Ext.swift"; sourceTree = "<group>"; };
		3B4F29D42430FDA800832ADA /* UIView+Extensions.swift */ = {isa = PBXFileReference; fileEncoding = 4; lastKnownFileType = sourcecode.swift; path = "UIView+Extensions.swift"; sourceTree = "<group>"; };
		3B4F29D82430FF5F00832ADA /* TermsAndConditionTableViewCell.swift */ = {isa = PBXFileReference; lastKnownFileType = sourcecode.swift; path = TermsAndConditionTableViewCell.swift; sourceTree = "<group>"; };
		3B4F29D92430FF5F00832ADA /* TermsAndConditionTableViewCell.xib */ = {isa = PBXFileReference; lastKnownFileType = file.xib; path = TermsAndConditionTableViewCell.xib; sourceTree = "<group>"; };
		3B4F29DD243110E000832ADA /* SubmitBtnTableViewCell.swift */ = {isa = PBXFileReference; lastKnownFileType = sourcecode.swift; path = SubmitBtnTableViewCell.swift; sourceTree = "<group>"; };
		3B4F29DE243110E000832ADA /* SubmitBtnTableViewCell.xib */ = {isa = PBXFileReference; lastKnownFileType = file.xib; path = SubmitBtnTableViewCell.xib; sourceTree = "<group>"; };
		3B4F29E22431135A00832ADA /* EventCartViewController.swift */ = {isa = PBXFileReference; lastKnownFileType = sourcecode.swift; path = EventCartViewController.swift; sourceTree = "<group>"; };
		3B4F29E52431189600832ADA /* EventDetailInfoTableViewCell.swift */ = {isa = PBXFileReference; lastKnownFileType = sourcecode.swift; path = EventDetailInfoTableViewCell.swift; sourceTree = "<group>"; };
		3B4F29E62431189600832ADA /* EventDetailInfoTableViewCell.xib */ = {isa = PBXFileReference; lastKnownFileType = file.xib; path = EventDetailInfoTableViewCell.xib; sourceTree = "<group>"; };
		3B4F29EA24311C2900832ADA /* PackageCheckoutTableViewCell.swift */ = {isa = PBXFileReference; lastKnownFileType = sourcecode.swift; path = PackageCheckoutTableViewCell.swift; sourceTree = "<group>"; };
		3B4F29EB24311C2900832ADA /* PackageCheckoutTableViewCell.xib */ = {isa = PBXFileReference; lastKnownFileType = file.xib; path = PackageCheckoutTableViewCell.xib; sourceTree = "<group>"; };
		3B4F29EE24311F4C00832ADA /* selectedPackageTableViewCell.swift */ = {isa = PBXFileReference; lastKnownFileType = sourcecode.swift; path = selectedPackageTableViewCell.swift; sourceTree = "<group>"; };
		3B4F29EF24311F4C00832ADA /* selectedPackageTableViewCell.xib */ = {isa = PBXFileReference; lastKnownFileType = file.xib; path = selectedPackageTableViewCell.xib; sourceTree = "<group>"; };
		3B4F29F32431250400832ADA /* AllTaxesTableViewCell.swift */ = {isa = PBXFileReference; lastKnownFileType = sourcecode.swift; path = AllTaxesTableViewCell.swift; sourceTree = "<group>"; };
		3B4F29F42431250400832ADA /* AllTaxesTableViewCell.xib */ = {isa = PBXFileReference; lastKnownFileType = file.xib; path = AllTaxesTableViewCell.xib; sourceTree = "<group>"; };
		3B4F29F72431269A00832ADA /* SpecialEventDetailsTableViewCell.swift */ = {isa = PBXFileReference; lastKnownFileType = sourcecode.swift; path = SpecialEventDetailsTableViewCell.swift; sourceTree = "<group>"; };
		3B4F29F82431269A00832ADA /* SpecialEventDetailsTableViewCell.xib */ = {isa = PBXFileReference; lastKnownFileType = file.xib; path = SpecialEventDetailsTableViewCell.xib; sourceTree = "<group>"; };
		3B4F29FC24312A9200832ADA /* UseWalletTableViewCell.swift */ = {isa = PBXFileReference; lastKnownFileType = sourcecode.swift; path = UseWalletTableViewCell.swift; sourceTree = "<group>"; };
		3B4F29FD24312A9200832ADA /* UseWalletTableViewCell.xib */ = {isa = PBXFileReference; lastKnownFileType = file.xib; path = UseWalletTableViewCell.xib; sourceTree = "<group>"; };
		3B6754A7242683DC005C97CA /* EventDetail.swift */ = {isa = PBXFileReference; lastKnownFileType = sourcecode.swift; path = EventDetail.swift; sourceTree = "<group>"; };
		B692E78AF008A8CBFCFD2AC2 /* Pods_PartyMantra.framework */ = {isa = PBXFileReference; explicitFileType = wrapper.framework; includeInIndex = 0; path = Pods_PartyMantra.framework; sourceTree = BUILT_PRODUCTS_DIR; };
		BF26AA2C242F3A2D00FC61BC /* UserProfile.swift */ = {isa = PBXFileReference; lastKnownFileType = sourcecode.swift; path = UserProfile.swift; sourceTree = "<group>"; };
		BF272C33242DD25D00202A71 /* MyProfileUpdateViewController.swift */ = {isa = PBXFileReference; lastKnownFileType = sourcecode.swift; path = MyProfileUpdateViewController.swift; sourceTree = "<group>"; };
		BF2B8A5F2427443B00727866 /* Miscellaneous.storyboard */ = {isa = PBXFileReference; lastKnownFileType = file.storyboard; path = Miscellaneous.storyboard; sourceTree = "<group>"; };
		BF2B8A61242744CE00727866 /* EventSearchViewController.swift */ = {isa = PBXFileReference; lastKnownFileType = sourcecode.swift; path = EventSearchViewController.swift; sourceTree = "<group>"; };
		BF2BBA4B242CF4E00064EC59 /* UpdateProfileViewController.swift */ = {isa = PBXFileReference; lastKnownFileType = sourcecode.swift; path = UpdateProfileViewController.swift; sourceTree = "<group>"; };
		BF2BBA4D242CFB050064EC59 /* ProfileTableViewCell.swift */ = {isa = PBXFileReference; lastKnownFileType = sourcecode.swift; path = ProfileTableViewCell.swift; sourceTree = "<group>"; };
		BF2E42D8243081F30068C6BF /* Validation.swift */ = {isa = PBXFileReference; lastKnownFileType = sourcecode.swift; path = Validation.swift; sourceTree = "<group>"; };
		BF2E42DA2430A0830068C6BF /* ImagePickerClass.swift */ = {isa = PBXFileReference; fileEncoding = 4; lastKnownFileType = sourcecode.swift; path = ImagePickerClass.swift; sourceTree = "<group>"; };
		BF2EEAEF2430D6D500F286E9 /* OTPViewController.swift */ = {isa = PBXFileReference; lastKnownFileType = sourcecode.swift; path = OTPViewController.swift; sourceTree = "<group>"; };
		BF2EEAF12430F6ED00F286E9 /* DPOTPView.swift */ = {isa = PBXFileReference; fileEncoding = 4; lastKnownFileType = sourcecode.swift; path = DPOTPView.swift; sourceTree = "<group>"; };
		BF2EEAF32431023400F286E9 /* LocationSelectViewController.swift */ = {isa = PBXFileReference; lastKnownFileType = sourcecode.swift; path = LocationSelectViewController.swift; sourceTree = "<group>"; };
		BF6D1ED32424CBE300DC018C /* BannerTableViewCell.swift */ = {isa = PBXFileReference; lastKnownFileType = sourcecode.swift; path = BannerTableViewCell.swift; sourceTree = "<group>"; };
		BF8773492423AF6200CF8C5D /* PartyMantra.app */ = {isa = PBXFileReference; explicitFileType = wrapper.application; includeInIndex = 0; path = PartyMantra.app; sourceTree = BUILT_PRODUCTS_DIR; };
		BF87734C2423AF6200CF8C5D /* AppDelegate.swift */ = {isa = PBXFileReference; lastKnownFileType = sourcecode.swift; path = AppDelegate.swift; sourceTree = "<group>"; };
		BF8773532423AF6200CF8C5D /* Base */ = {isa = PBXFileReference; lastKnownFileType = file.storyboard; name = Base; path = Base.lproj/Main.storyboard; sourceTree = "<group>"; };
		BF8773552423AF6300CF8C5D /* Assets.xcassets */ = {isa = PBXFileReference; lastKnownFileType = folder.assetcatalog; path = Assets.xcassets; sourceTree = "<group>"; };
		BF8773582423AF6300CF8C5D /* Base */ = {isa = PBXFileReference; lastKnownFileType = file.storyboard; name = Base; path = Base.lproj/LaunchScreen.storyboard; sourceTree = "<group>"; };
		BF87735A2423AF6300CF8C5D /* Info.plist */ = {isa = PBXFileReference; lastKnownFileType = text.plist.xml; path = Info.plist; sourceTree = "<group>"; };
		BF8773632423BB1C00CF8C5D /* BaseViewController.swift */ = {isa = PBXFileReference; fileEncoding = 4; lastKnownFileType = sourcecode.swift; path = BaseViewController.swift; sourceTree = "<group>"; };
		BF8773642423BB1C00CF8C5D /* LoginViewController.swift */ = {isa = PBXFileReference; fileEncoding = 4; lastKnownFileType = sourcecode.swift; path = LoginViewController.swift; sourceTree = "<group>"; };
		BF8773652423BB1C00CF8C5D /* UIViewExtension.swift */ = {isa = PBXFileReference; fileEncoding = 4; lastKnownFileType = sourcecode.swift; path = UIViewExtension.swift; sourceTree = "<group>"; };
		BF8773722423BDD400CF8C5D /* Model.swift */ = {isa = PBXFileReference; fileEncoding = 4; lastKnownFileType = sourcecode.swift; path = Model.swift; sourceTree = "<group>"; };
		BF8773742423BDFD00CF8C5D /* GlobalFunction.swift */ = {isa = PBXFileReference; fileEncoding = 4; lastKnownFileType = sourcecode.swift; path = GlobalFunction.swift; sourceTree = "<group>"; };
		BF8773752423BDFD00CF8C5D /* Constants.swift */ = {isa = PBXFileReference; fileEncoding = 4; lastKnownFileType = sourcecode.swift; path = Constants.swift; sourceTree = "<group>"; };
		BF8773782423BE5600CF8C5D /* AppExtension.swift */ = {isa = PBXFileReference; fileEncoding = 4; lastKnownFileType = sourcecode.swift; path = AppExtension.swift; sourceTree = "<group>"; };
		BF87737B2423BF0B00CF8C5D /* NetworkManager.swift */ = {isa = PBXFileReference; fileEncoding = 4; lastKnownFileType = sourcecode.swift; path = NetworkManager.swift; sourceTree = "<group>"; };
		BF87737C2423BF0B00CF8C5D /* Network.swift */ = {isa = PBXFileReference; fileEncoding = 4; lastKnownFileType = sourcecode.swift; path = Network.swift; sourceTree = "<group>"; };
		BF87737D2423BF0B00CF8C5D /* Loader.swift */ = {isa = PBXFileReference; fileEncoding = 4; lastKnownFileType = sourcecode.swift; path = Loader.swift; sourceTree = "<group>"; };
		BF87737E2423BF0B00CF8C5D /* Server.swift */ = {isa = PBXFileReference; fileEncoding = 4; lastKnownFileType = sourcecode.swift; path = Server.swift; sourceTree = "<group>"; };
		BF8773852423C0F500CF8C5D /* OrderViewController.swift */ = {isa = PBXFileReference; fileEncoding = 4; lastKnownFileType = sourcecode.swift; path = OrderViewController.swift; sourceTree = "<group>"; };
		BF8773862423C0F500CF8C5D /* ClubEventViewController.swift */ = {isa = PBXFileReference; fileEncoding = 4; lastKnownFileType = sourcecode.swift; path = ClubEventViewController.swift; sourceTree = "<group>"; };
		BF8773872423C0F500CF8C5D /* PartiesViewController.swift */ = {isa = PBXFileReference; fileEncoding = 4; lastKnownFileType = sourcecode.swift; path = PartiesViewController.swift; sourceTree = "<group>"; };
		BF8773882423C0F500CF8C5D /* DiningViewController.swift */ = {isa = PBXFileReference; fileEncoding = 4; lastKnownFileType = sourcecode.swift; path = DiningViewController.swift; sourceTree = "<group>"; };
		BF8773892423C0F500CF8C5D /* WalletViewController.swift */ = {isa = PBXFileReference; fileEncoding = 4; lastKnownFileType = sourcecode.swift; path = WalletViewController.swift; sourceTree = "<group>"; };
		BF87738A2423C0F500CF8C5D /* HomeViewController.swift */ = {isa = PBXFileReference; fileEncoding = 4; lastKnownFileType = sourcecode.swift; path = HomeViewController.swift; sourceTree = "<group>"; };
		BF87738B2423C0F500CF8C5D /* CollectionDetailViewController.swift */ = {isa = PBXFileReference; fileEncoding = 4; lastKnownFileType = sourcecode.swift; path = CollectionDetailViewController.swift; sourceTree = "<group>"; };
		BF87738C2423C0F500CF8C5D /* AddBalanceViewController.swift */ = {isa = PBXFileReference; fileEncoding = 4; lastKnownFileType = sourcecode.swift; path = AddBalanceViewController.swift; sourceTree = "<group>"; };
		BF87738D2423C0F500CF8C5D /* HomePageViewController.swift */ = {isa = PBXFileReference; fileEncoding = 4; lastKnownFileType = sourcecode.swift; path = HomePageViewController.swift; sourceTree = "<group>"; };
		BF87738E2423C0F500CF8C5D /* WebViewController.swift */ = {isa = PBXFileReference; fileEncoding = 4; lastKnownFileType = sourcecode.swift; path = WebViewController.swift; sourceTree = "<group>"; };
		BF87738F2423C0F500CF8C5D /* TabbarViewController.swift */ = {isa = PBXFileReference; fileEncoding = 4; lastKnownFileType = sourcecode.swift; path = TabbarViewController.swift; sourceTree = "<group>"; };
		BF8773902423C0F500CF8C5D /* ProfileViewController.swift */ = {isa = PBXFileReference; fileEncoding = 4; lastKnownFileType = sourcecode.swift; path = ProfileViewController.swift; sourceTree = "<group>"; };
		BF8773912423C0F500CF8C5D /* NotificationViewController.swift */ = {isa = PBXFileReference; fileEncoding = 4; lastKnownFileType = sourcecode.swift; path = NotificationViewController.swift; sourceTree = "<group>"; };
		BF8773922423C0F500CF8C5D /* CollectionViewController.swift */ = {isa = PBXFileReference; fileEncoding = 4; lastKnownFileType = sourcecode.swift; path = CollectionViewController.swift; sourceTree = "<group>"; };
		BF8773A22423C12B00CF8C5D /* TopMenuBarCollectionCell.swift */ = {isa = PBXFileReference; fileEncoding = 4; lastKnownFileType = sourcecode.swift; path = TopMenuBarCollectionCell.swift; sourceTree = "<group>"; };
		BF8773A32423C12B00CF8C5D /* TopMenuBarCollectionCell.xib */ = {isa = PBXFileReference; fileEncoding = 4; lastKnownFileType = file.xib; path = TopMenuBarCollectionCell.xib; sourceTree = "<group>"; };
		BF8773A42423C12B00CF8C5D /* TopMenuBar.swift */ = {isa = PBXFileReference; fileEncoding = 4; lastKnownFileType = sourcecode.swift; path = TopMenuBar.swift; sourceTree = "<group>"; };
		BF8773A52423C12B00CF8C5D /* TopMenuBar.xib */ = {isa = PBXFileReference; fileEncoding = 4; lastKnownFileType = file.xib; path = TopMenuBar.xib; sourceTree = "<group>"; };
		BF8773AB2423C17D00CF8C5D /* AutoScrollingCollectionView.swift */ = {isa = PBXFileReference; fileEncoding = 4; lastKnownFileType = sourcecode.swift; path = AutoScrollingCollectionView.swift; sourceTree = "<group>"; };
		BF8773AE2423C1D300CF8C5D /* Home.storyboard */ = {isa = PBXFileReference; fileEncoding = 4; lastKnownFileType = file.storyboard; path = Home.storyboard; sourceTree = "<group>"; };
		BF99CEBF2425C37D0051E775 /* EventDetailsViewController.swift */ = {isa = PBXFileReference; lastKnownFileType = sourcecode.swift; path = EventDetailsViewController.swift; sourceTree = "<group>"; };
		BF99CEC12425C3920051E775 /* Events.storyboard */ = {isa = PBXFileReference; lastKnownFileType = file.storyboard; path = Events.storyboard; sourceTree = "<group>"; };
		BF99CEC32425D6670051E775 /* CustomTableViewCell.swift */ = {isa = PBXFileReference; lastKnownFileType = sourcecode.swift; path = CustomTableViewCell.swift; sourceTree = "<group>"; };
		BFE54B86242E438C006D813B /* MyProfileUpdateTableViewCell.swift */ = {isa = PBXFileReference; lastKnownFileType = sourcecode.swift; path = MyProfileUpdateTableViewCell.swift; sourceTree = "<group>"; };
		C323B65CE59EB81612CA5349 /* Pods-PartyMantra.release.xcconfig */ = {isa = PBXFileReference; includeInIndex = 1; lastKnownFileType = text.xcconfig; name = "Pods-PartyMantra.release.xcconfig"; path = "Target Support Files/Pods-PartyMantra/Pods-PartyMantra.release.xcconfig"; sourceTree = "<group>"; };
/* End PBXFileReference section */

/* Begin PBXFrameworksBuildPhase section */
		BF8773462423AF6200CF8C5D /* Frameworks */ = {
			isa = PBXFrameworksBuildPhase;
			buildActionMask = 2147483647;
			files = (
				0A30996FEE833B1C60685AC5 /* Pods_PartyMantra.framework in Frameworks */,
			);
			runOnlyForDeploymentPostprocessing = 0;
		};
/* End PBXFrameworksBuildPhase section */

/* Begin PBXGroup section */
		3B0411EB242731B7000C9402 /* EventDetailCells */ = {
			isa = PBXGroup;
			children = (
				3B4F29DC243110CB00832ADA /* SubmitButton */,
				3B4F29D72430FF3E00832ADA /* Terms and Condition */,
				3B4F29CE2430F5D400832ADA /* EnterContactDetail */,
				3B04121324279256000C9402 /* Packages */,
				3B04120624277065000C9402 /* CoverCharges */,
				3B0411FF24276503000C9402 /* EventDiscription */,
				3B0411FE242764C3000C9402 /* more info */,
				BF99CEC32425D6670051E775 /* CustomTableViewCell.swift */,
			);
			path = EventDetailCells;
			sourceTree = "<group>";
		};
		3B0411EC242731CE000C9402 /* Event Details View Controller */ = {
			isa = PBXGroup;
			children = (
				3B0411ED24273932000C9402 /* EventModal */,
				3B0411EB242731B7000C9402 /* EventDetailCells */,
				BF99CEBF2425C37D0051E775 /* EventDetailsViewController.swift */,
			);
			path = "Event Details View Controller";
			sourceTree = "<group>";
		};
		3B0411ED24273932000C9402 /* EventModal */ = {
			isa = PBXGroup;
			children = (
				3B6754A7242683DC005C97CA /* EventDetail.swift */,
			);
			path = EventModal;
			sourceTree = "<group>";
		};
		3B0411F424274FC6000C9402 /* moreInfosubtablecell */ = {
			isa = PBXGroup;
			children = (
				3B0411F524274FF8000C9402 /* moreSubTableViewCell.swift */,
				3B0411F624274FF8000C9402 /* moreSubTableViewCell.xib */,
			);
			path = moreInfosubtablecell;
			sourceTree = "<group>";
		};
		3B0411FB24275696000C9402 /* SVG Images */ = {
			isa = PBXGroup;
			children = (
				3B0412182427952B000C9402 /* bag.svg */,
				3B04121024277BFC000C9402 /* minus.svg */,
				3B04120F24277BFC000C9402 /* more.svg */,
				3B04120424276818000C9402 /* event.svg */,
				3B0411FC242756A5000C9402 /* correct.svg */,
			);
			path = "SVG Images";
			sourceTree = "<group>";
		};
		3B0411FE242764C3000C9402 /* more info */ = {
			isa = PBXGroup;
			children = (
				3B0411F424274FC6000C9402 /* moreInfosubtablecell */,
				3B0411F024274E1D000C9402 /* MoreInfoTableViewCell.swift */,
				3B0411F124274E1D000C9402 /* MoreInfoTableViewCell.xib */,
			);
			path = "more info";
			sourceTree = "<group>";
		};
		3B0411FF24276503000C9402 /* EventDiscription */ = {
			isa = PBXGroup;
			children = (
				3B04120024276523000C9402 /* EventDescTableViewCell.swift */,
				3B04120124276523000C9402 /* EventDescTableViewCell.xib */,
			);
			path = EventDiscription;
			sourceTree = "<group>";
		};
		3B04120624277065000C9402 /* CoverCharges */ = {
			isa = PBXGroup;
			children = (
				3B04120724277087000C9402 /* CoverChargesTableViewCell.swift */,
				3B04120824277087000C9402 /* CoverChargesTableViewCell.xib */,
				3B04120B2427762C000C9402 /* CoverTableViewCell.swift */,
				3B04120C2427762C000C9402 /* CoverTableViewCell.xib */,
			);
			path = CoverCharges;
			sourceTree = "<group>";
		};
		3B04121324279256000C9402 /* Packages */ = {
			isa = PBXGroup;
			children = (
				3B04121A24279750000C9402 /* ViewMoreCells */,
				3B041214242792DA000C9402 /* PackagesTableViewCell.swift */,
				3B041215242792DA000C9402 /* PackagesTableViewCell.xib */,
			);
			path = Packages;
			sourceTree = "<group>";
		};
		3B04121A24279750000C9402 /* ViewMoreCells */ = {
			isa = PBXGroup;
			children = (
				3B04121B24279768000C9402 /* ViewMoreTableViewCell.swift */,
				3B04121C24279768000C9402 /* ViewMoreTableViewCell.xib */,
				3B04121F24279BB4000C9402 /* ViewMoreCollectionViewCell.swift */,
				3B04122024279BB4000C9402 /* ViewMoreCollectionViewCell.xib */,
			);
			path = ViewMoreCells;
			sourceTree = "<group>";
		};
		3B4F29CE2430F5D400832ADA /* EnterContactDetail */ = {
			isa = PBXGroup;
			children = (
				3B4F29CF2430F6C700832ADA /* EnterContactDetailsTableViewCell.swift */,
				3B4F29D02430F6C700832ADA /* EnterContactDetailsTableViewCell.xib */,
			);
			path = EnterContactDetail;
			sourceTree = "<group>";
		};
		3B4F29D72430FF3E00832ADA /* Terms and Condition */ = {
			isa = PBXGroup;
			children = (
				3B4F29D82430FF5F00832ADA /* TermsAndConditionTableViewCell.swift */,
				3B4F29D92430FF5F00832ADA /* TermsAndConditionTableViewCell.xib */,
			);
			path = "Terms and Condition";
			sourceTree = "<group>";
		};
		3B4F29DC243110CB00832ADA /* SubmitButton */ = {
			isa = PBXGroup;
			children = (
				3B4F29DD243110E000832ADA /* SubmitBtnTableViewCell.swift */,
				3B4F29DE243110E000832ADA /* SubmitBtnTableViewCell.xib */,
			);
			path = SubmitButton;
			sourceTree = "<group>";
		};
		3B4F29E12431133700832ADA /* EventCartView */ = {
			isa = PBXGroup;
			children = (
				3B4F29E924311BFA00832ADA /* PackageDetailsCells */,
				3B4F29E42431185A00832ADA /* eventDetail */,
				3B4F29E22431135A00832ADA /* EventCartViewController.swift */,
			);
			path = EventCartView;
			sourceTree = "<group>";
		};
		3B4F29E42431185A00832ADA /* eventDetail */ = {
			isa = PBXGroup;
			children = (
				3B4F29E52431189600832ADA /* EventDetailInfoTableViewCell.swift */,
				3B4F29E62431189600832ADA /* EventDetailInfoTableViewCell.xib */,
			);
			path = eventDetail;
			sourceTree = "<group>";
		};
		3B4F29E924311BFA00832ADA /* PackageDetailsCells */ = {
			isa = PBXGroup;
			children = (
				3B4F29EA24311C2900832ADA /* PackageCheckoutTableViewCell.swift */,
				3B4F29EB24311C2900832ADA /* PackageCheckoutTableViewCell.xib */,
				3B4F29EE24311F4C00832ADA /* selectedPackageTableViewCell.swift */,
				3B4F29EF24311F4C00832ADA /* selectedPackageTableViewCell.xib */,
				3B4F29F32431250400832ADA /* AllTaxesTableViewCell.swift */,
				3B4F29F42431250400832ADA /* AllTaxesTableViewCell.xib */,
				3B4F29F72431269A00832ADA /* SpecialEventDetailsTableViewCell.swift */,
				3B4F29F82431269A00832ADA /* SpecialEventDetailsTableViewCell.xib */,
				3B4F29FC24312A9200832ADA /* UseWalletTableViewCell.swift */,
				3B4F29FD24312A9200832ADA /* UseWalletTableViewCell.xib */,
			);
			path = PackageDetailsCells;
			sourceTree = "<group>";
		};
		85BB2F2C4BC8D770BFF09230 /* Pods */ = {
			isa = PBXGroup;
			children = (
				250F4D8406A879E019532AD7 /* Pods-PartyMantra.debug.xcconfig */,
				C323B65CE59EB81612CA5349 /* Pods-PartyMantra.release.xcconfig */,
			);
			path = Pods;
			sourceTree = "<group>";
		};
		9EE6D66B9E985453E9A095F1 /* Frameworks */ = {
			isa = PBXGroup;
			children = (
				B692E78AF008A8CBFCFD2AC2 /* Pods_PartyMantra.framework */,
			);
			name = Frameworks;
			sourceTree = "<group>";
		};
		BF2B8A5E242743B400727866 /* WalletAddMoney */ = {
			isa = PBXGroup;
			children = (
				BF2B8A61242744CE00727866 /* EventSearchViewController.swift */,
			);
			path = WalletAddMoney;
			sourceTree = "<group>";
		};
		BF6D1ECF2424C32F00DC018C /* View controller */ = {
			isa = PBXGroup;
			children = (
				3B4F29E12431133700832ADA /* EventCartView */,
				3B4F29CC2430A66400832ADA /* DatePicker.swift */,
				3B4F29CA2430A65D00832ADA /* CustomPickerViewController.swift */,
				BF2B8A5E242743B400727866 /* WalletAddMoney */,
				3B0411EC242731CE000C9402 /* Event Details View Controller */,
				BF2EEAEF2430D6D500F286E9 /* OTPViewController.swift */,
				BF2EEAF32431023400F286E9 /* LocationSelectViewController.swift */,
			);
			path = "View controller";
			sourceTree = "<group>";
		};
		BF6D1ED22424CBA400DC018C /* Cell */ = {
			isa = PBXGroup;
			children = (
				BF6D1ED32424CBE300DC018C /* BannerTableViewCell.swift */,
				BF2BBA4D242CFB050064EC59 /* ProfileTableViewCell.swift */,
				BFE54B86242E438C006D813B /* MyProfileUpdateTableViewCell.swift */,
			);
			path = Cell;
			sourceTree = "<group>";
		};
		BF8773402423AF6200CF8C5D = {
			isa = PBXGroup;
			children = (
				BF87734B2423AF6200CF8C5D /* PartyMantra */,
				BF87734A2423AF6200CF8C5D /* Products */,
				85BB2F2C4BC8D770BFF09230 /* Pods */,
				9EE6D66B9E985453E9A095F1 /* Frameworks */,
			);
			sourceTree = "<group>";
		};
		BF87734A2423AF6200CF8C5D /* Products */ = {
			isa = PBXGroup;
			children = (
				BF8773492423AF6200CF8C5D /* PartyMantra.app */,
			);
			name = Products;
			sourceTree = "<group>";
		};
		BF87734B2423AF6200CF8C5D /* PartyMantra */ = {
			isa = PBXGroup;
			children = (
				3B0411FB24275696000C9402 /* SVG Images */,
				BF87737A2423BF0B00CF8C5D /* Network */,
				BF87736D2423BDA400CF8C5D /* Global */,
				BF87736C2423BD9900CF8C5D /* Model */,
				BF8773692423BB2800CF8C5D /* Extension */,
				BF8773602423B9EE00CF8C5D /* Screens */,
				BF87734C2423AF6200CF8C5D /* AppDelegate.swift */,
				BF8773522423AF6200CF8C5D /* Main.storyboard */,
				BF8773552423AF6300CF8C5D /* Assets.xcassets */,
				BF8773572423AF6300CF8C5D /* LaunchScreen.storyboard */,
				BF87735A2423AF6300CF8C5D /* Info.plist */,
			);
			path = PartyMantra;
			sourceTree = "<group>";
		};
		BF8773602423B9EE00CF8C5D /* Screens */ = {
			isa = PBXGroup;
			children = (
				BF6D1ED22424CBA400DC018C /* Cell */,
				BF6D1ECF2424C32F00DC018C /* View controller */,
				BF8773AD2423C1C100CF8C5D /* Storyboard */,
				BF8773AA2423C14800CF8C5D /* AutoScroll */,
				BF8773A12423C12B00CF8C5D /* TopMenuBarView */,
				BF8773842423C0F500CF8C5D /* TabBar */,
				BF8773632423BB1C00CF8C5D /* BaseViewController.swift */,
				BF8773642423BB1C00CF8C5D /* LoginViewController.swift */,
			);
			path = Screens;
			sourceTree = "<group>";
		};
		BF8773692423BB2800CF8C5D /* Extension */ = {
			isa = PBXGroup;
			children = (
				BF2EEAF12430F6ED00F286E9 /* DPOTPView.swift */,
				3B4F29D32430FDA800832ADA /* UITableView+Ext.swift */,
				3B4F29D42430FDA800832ADA /* UIView+Extensions.swift */,
				BF8773782423BE5600CF8C5D /* AppExtension.swift */,
				BF8773652423BB1C00CF8C5D /* UIViewExtension.swift */,
			);
			path = Extension;
			sourceTree = "<group>";
		};
		BF87736C2423BD9900CF8C5D /* Model */ = {
			isa = PBXGroup;
			children = (
				BF8773722423BDD400CF8C5D /* Model.swift */,
				BF26AA2C242F3A2D00FC61BC /* UserProfile.swift */,
			);
			path = Model;
			sourceTree = "<group>";
		};
		BF87736D2423BDA400CF8C5D /* Global */ = {
			isa = PBXGroup;
			children = (
				BF2E42DA2430A0830068C6BF /* ImagePickerClass.swift */,
				BF8773752423BDFD00CF8C5D /* Constants.swift */,
				BF8773742423BDFD00CF8C5D /* GlobalFunction.swift */,
				3B0411F9242755A2000C9402 /* Utilities.swift */,
			);
			path = Global;
			sourceTree = "<group>";
		};
		BF87737A2423BF0B00CF8C5D /* Network */ = {
			isa = PBXGroup;
			children = (
				BF87737B2423BF0B00CF8C5D /* NetworkManager.swift */,
				BF87737C2423BF0B00CF8C5D /* Network.swift */,
				BF87737D2423BF0B00CF8C5D /* Loader.swift */,
				BF87737E2423BF0B00CF8C5D /* Server.swift */,
			);
			path = Network;
			sourceTree = "<group>";
		};
		BF8773842423C0F500CF8C5D /* TabBar */ = {
			isa = PBXGroup;
			children = (
				BF8773852423C0F500CF8C5D /* OrderViewController.swift */,
				BF8773862423C0F500CF8C5D /* ClubEventViewController.swift */,
				BF8773872423C0F500CF8C5D /* PartiesViewController.swift */,
				BF8773882423C0F500CF8C5D /* DiningViewController.swift */,
				BF8773892423C0F500CF8C5D /* WalletViewController.swift */,
				BF87738A2423C0F500CF8C5D /* HomeViewController.swift */,
				BF87738B2423C0F500CF8C5D /* CollectionDetailViewController.swift */,
				BF87738C2423C0F500CF8C5D /* AddBalanceViewController.swift */,
				BF87738D2423C0F500CF8C5D /* HomePageViewController.swift */,
				BF87738E2423C0F500CF8C5D /* WebViewController.swift */,
				BF87738F2423C0F500CF8C5D /* TabbarViewController.swift */,
				BF8773902423C0F500CF8C5D /* ProfileViewController.swift */,
				BF8773912423C0F500CF8C5D /* NotificationViewController.swift */,
				BF8773922423C0F500CF8C5D /* CollectionViewController.swift */,
				BF2BBA4B242CF4E00064EC59 /* UpdateProfileViewController.swift */,
				BF272C33242DD25D00202A71 /* MyProfileUpdateViewController.swift */,
				BF2E42D8243081F30068C6BF /* Validation.swift */,
			);
			path = TabBar;
			sourceTree = "<group>";
		};
		BF8773A12423C12B00CF8C5D /* TopMenuBarView */ = {
			isa = PBXGroup;
			children = (
				BF8773A22423C12B00CF8C5D /* TopMenuBarCollectionCell.swift */,
				BF8773A32423C12B00CF8C5D /* TopMenuBarCollectionCell.xib */,
				BF8773A42423C12B00CF8C5D /* TopMenuBar.swift */,
				BF8773A52423C12B00CF8C5D /* TopMenuBar.xib */,
			);
			path = TopMenuBarView;
			sourceTree = "<group>";
		};
		BF8773AA2423C14800CF8C5D /* AutoScroll */ = {
			isa = PBXGroup;
			children = (
				BF8773AB2423C17D00CF8C5D /* AutoScrollingCollectionView.swift */,
			);
			path = AutoScroll;
			sourceTree = "<group>";
		};
		BF8773AD2423C1C100CF8C5D /* Storyboard */ = {
			isa = PBXGroup;
			children = (
				BF8773AE2423C1D300CF8C5D /* Home.storyboard */,
				BF99CEC12425C3920051E775 /* Events.storyboard */,
				BF2B8A5F2427443B00727866 /* Miscellaneous.storyboard */,
				3B4F29C82430A60500832ADA /* DatePicker.storyboard */,
			);
			path = Storyboard;
			sourceTree = "<group>";
		};
/* End PBXGroup section */

/* Begin PBXNativeTarget section */
		BF8773482423AF6200CF8C5D /* PartyMantra */ = {
			isa = PBXNativeTarget;
			buildConfigurationList = BF87735D2423AF6300CF8C5D /* Build configuration list for PBXNativeTarget "PartyMantra" */;
			buildPhases = (
				CCBE4DC7FCC119591CFAD9CD /* [CP] Check Pods Manifest.lock */,
				BF8773452423AF6200CF8C5D /* Sources */,
				BF8773462423AF6200CF8C5D /* Frameworks */,
				BF8773472423AF6200CF8C5D /* Resources */,
				9749217624C0D490159D9D84 /* [CP] Embed Pods Frameworks */,
			);
			buildRules = (
			);
			dependencies = (
			);
			name = PartyMantra;
			productName = PartyMantra;
			productReference = BF8773492423AF6200CF8C5D /* PartyMantra.app */;
			productType = "com.apple.product-type.application";
		};
/* End PBXNativeTarget section */

/* Begin PBXProject section */
		BF8773412423AF6200CF8C5D /* Project object */ = {
			isa = PBXProject;
			attributes = {
				LastSwiftUpdateCheck = 1130;
				LastUpgradeCheck = 1130;
				ORGANIZATIONNAME = Shikha;
				TargetAttributes = {
					BF8773482423AF6200CF8C5D = {
						CreatedOnToolsVersion = 11.3.1;
					};
				};
			};
			buildConfigurationList = BF8773442423AF6200CF8C5D /* Build configuration list for PBXProject "PartyMantra" */;
			compatibilityVersion = "Xcode 9.3";
			developmentRegion = en;
			hasScannedForEncodings = 0;
			knownRegions = (
				en,
				Base,
			);
			mainGroup = BF8773402423AF6200CF8C5D;
			productRefGroup = BF87734A2423AF6200CF8C5D /* Products */;
			projectDirPath = "";
			projectRoot = "";
			targets = (
				BF8773482423AF6200CF8C5D /* PartyMantra */,
			);
		};
/* End PBXProject section */

/* Begin PBXResourcesBuildPhase section */
		BF8773472423AF6200CF8C5D /* Resources */ = {
			isa = PBXResourcesBuildPhase;
			buildActionMask = 2147483647;
			files = (
				3B4F29ED24311C2900832ADA /* PackageCheckoutTableViewCell.xib in Resources */,
				3B04120524276818000C9402 /* event.svg in Resources */,
				BF8773592423AF6300CF8C5D /* LaunchScreen.storyboard in Resources */,
				3B04122224279BB4000C9402 /* ViewMoreCollectionViewCell.xib in Resources */,
				3B4F29E0243110E000832ADA /* SubmitBtnTableViewCell.xib in Resources */,
				3B0411F824274FF8000C9402 /* moreSubTableViewCell.xib in Resources */,
				3B4F29C92430A60500832ADA /* DatePicker.storyboard in Resources */,
				3B4F29F62431250400832ADA /* AllTaxesTableViewCell.xib in Resources */,
				BF8773562423AF6300CF8C5D /* Assets.xcassets in Resources */,
				3B041217242792DA000C9402 /* PackagesTableViewCell.xib in Resources */,
				3B4F29DB2430FF5F00832ADA /* TermsAndConditionTableViewCell.xib in Resources */,
				3B4F29F124311F4C00832ADA /* selectedPackageTableViewCell.xib in Resources */,
				BF99CEC22425C3920051E775 /* Events.storyboard in Resources */,
				3B0412192427952B000C9402 /* bag.svg in Resources */,
				3B4F29D22430F6C700832ADA /* EnterContactDetailsTableViewCell.xib in Resources */,
				3B0411FD242756A5000C9402 /* correct.svg in Resources */,
				BF2B8A602427443B00727866 /* Miscellaneous.storyboard in Resources */,
				3B04120A24277088000C9402 /* CoverChargesTableViewCell.xib in Resources */,
				BF8773A72423C12B00CF8C5D /* TopMenuBarCollectionCell.xib in Resources */,
				3B04121224277BFC000C9402 /* minus.svg in Resources */,
				3B04121124277BFC000C9402 /* more.svg in Resources */,
				3B4F29E82431189600832ADA /* EventDetailInfoTableViewCell.xib in Resources */,
				3B04120E2427762C000C9402 /* CoverTableViewCell.xib in Resources */,
				3B04120324276523000C9402 /* EventDescTableViewCell.xib in Resources */,
				BF8773AF2423C1D300CF8C5D /* Home.storyboard in Resources */,
				BF8773A92423C12B00CF8C5D /* TopMenuBar.xib in Resources */,
				3B0411F324274E1D000C9402 /* MoreInfoTableViewCell.xib in Resources */,
				BF8773542423AF6200CF8C5D /* Main.storyboard in Resources */,
				3B04121E24279768000C9402 /* ViewMoreTableViewCell.xib in Resources */,
				3B4F29FF24312A9200832ADA /* UseWalletTableViewCell.xib in Resources */,
				3B4F29FA2431269A00832ADA /* SpecialEventDetailsTableViewCell.xib in Resources */,
			);
			runOnlyForDeploymentPostprocessing = 0;
		};
/* End PBXResourcesBuildPhase section */

/* Begin PBXShellScriptBuildPhase section */
		9749217624C0D490159D9D84 /* [CP] Embed Pods Frameworks */ = {
			isa = PBXShellScriptBuildPhase;
			buildActionMask = 2147483647;
			files = (
			);
			inputFileListPaths = (
				"${PODS_ROOT}/Target Support Files/Pods-PartyMantra/Pods-PartyMantra-frameworks-${CONFIGURATION}-input-files.xcfilelist",
			);
			name = "[CP] Embed Pods Frameworks";
			outputFileListPaths = (
				"${PODS_ROOT}/Target Support Files/Pods-PartyMantra/Pods-PartyMantra-frameworks-${CONFIGURATION}-output-files.xcfilelist",
			);
			runOnlyForDeploymentPostprocessing = 0;
			shellPath = /bin/sh;
			shellScript = "\"${PODS_ROOT}/Target Support Files/Pods-PartyMantra/Pods-PartyMantra-frameworks.sh\"\n";
			showEnvVarsInLog = 0;
		};
		CCBE4DC7FCC119591CFAD9CD /* [CP] Check Pods Manifest.lock */ = {
			isa = PBXShellScriptBuildPhase;
			buildActionMask = 2147483647;
			files = (
			);
			inputFileListPaths = (
			);
			inputPaths = (
				"${PODS_PODFILE_DIR_PATH}/Podfile.lock",
				"${PODS_ROOT}/Manifest.lock",
			);
			name = "[CP] Check Pods Manifest.lock";
			outputFileListPaths = (
			);
			outputPaths = (
				"$(DERIVED_FILE_DIR)/Pods-PartyMantra-checkManifestLockResult.txt",
			);
			runOnlyForDeploymentPostprocessing = 0;
			shellPath = /bin/sh;
			shellScript = "diff \"${PODS_PODFILE_DIR_PATH}/Podfile.lock\" \"${PODS_ROOT}/Manifest.lock\" > /dev/null\nif [ $? != 0 ] ; then\n    # print error to STDERR\n    echo \"error: The sandbox is not in sync with the Podfile.lock. Run 'pod install' or update your CocoaPods installation.\" >&2\n    exit 1\nfi\n# This output is used by Xcode 'outputs' to avoid re-running this script phase.\necho \"SUCCESS\" > \"${SCRIPT_OUTPUT_FILE_0}\"\n";
			showEnvVarsInLog = 0;
		};
/* End PBXShellScriptBuildPhase section */

/* Begin PBXSourcesBuildPhase section */
		BF8773452423AF6200CF8C5D /* Sources */ = {
			isa = PBXSourcesBuildPhase;
			buildActionMask = 2147483647;
			files = (
				BF8773A02423C0F500CF8C5D /* CollectionViewController.swift in Sources */,
				BF8773792423BE5600CF8C5D /* AppExtension.swift in Sources */,
				BF26AA2D242F3A2D00FC61BC /* UserProfile.swift in Sources */,
				3B4F29D52430FDA800832ADA /* UITableView+Ext.swift in Sources */,
				BF8773AC2423C17D00CF8C5D /* AutoScrollingCollectionView.swift in Sources */,
				BF87739C2423C0F500CF8C5D /* WebViewController.swift in Sources */,
				BF8773682423BB1C00CF8C5D /* UIViewExtension.swift in Sources */,
				3B4F29F92431269A00832ADA /* SpecialEventDetailsTableViewCell.swift in Sources */,
				3B6754A8242683DC005C97CA /* EventDetail.swift in Sources */,
				3B0411F224274E1D000C9402 /* MoreInfoTableViewCell.swift in Sources */,
				BF2EEAF22430F6ED00F286E9 /* DPOTPView.swift in Sources */,
				3B04121D24279768000C9402 /* ViewMoreTableViewCell.swift in Sources */,
				3B4F29EC24311C2900832ADA /* PackageCheckoutTableViewCell.swift in Sources */,
				3B4F29F52431250400832ADA /* AllTaxesTableViewCell.swift in Sources */,
				BF8773A82423C12B00CF8C5D /* TopMenuBar.swift in Sources */,
				BF8773952423C0F500CF8C5D /* PartiesViewController.swift in Sources */,
				BF8773932423C0F500CF8C5D /* OrderViewController.swift in Sources */,
				3B4F29FE24312A9200832ADA /* UseWalletTableViewCell.swift in Sources */,
				3B4F29E72431189600832ADA /* EventDetailInfoTableViewCell.swift in Sources */,
				BF2E42DB2430A0830068C6BF /* ImagePickerClass.swift in Sources */,
				BF6D1ED42424CBE300DC018C /* BannerTableViewCell.swift in Sources */,
				BF2E42D9243081F30068C6BF /* Validation.swift in Sources */,
				BF2BBA4C242CF4E00064EC59 /* UpdateProfileViewController.swift in Sources */,
				BF2B8A62242744CE00727866 /* EventSearchViewController.swift in Sources */,
				BF8773812423BF0B00CF8C5D /* Loader.swift in Sources */,
				3B04120D2427762C000C9402 /* CoverTableViewCell.swift in Sources */,
				BF87739E2423C0F500CF8C5D /* ProfileViewController.swift in Sources */,
				3B4F29E32431135A00832ADA /* EventCartViewController.swift in Sources */,
				BF8773982423C0F500CF8C5D /* HomeViewController.swift in Sources */,
				BF87737F2423BF0B00CF8C5D /* NetworkManager.swift in Sources */,
				3B0411FA242755A2000C9402 /* Utilities.swift in Sources */,
				BF8773672423BB1C00CF8C5D /* LoginViewController.swift in Sources */,
				3B4F29F024311F4C00832ADA /* selectedPackageTableViewCell.swift in Sources */,
				3B041216242792DA000C9402 /* PackagesTableViewCell.swift in Sources */,
				BF272C34242DD25D00202A71 /* MyProfileUpdateViewController.swift in Sources */,
				BF87739F2423C0F500CF8C5D /* NotificationViewController.swift in Sources */,
				BF2EEAF02430D6D500F286E9 /* OTPViewController.swift in Sources */,
				3B4F29D12430F6C700832ADA /* EnterContactDetailsTableViewCell.swift in Sources */,
				BF87739B2423C0F500CF8C5D /* HomePageViewController.swift in Sources */,
				BF87739D2423C0F500CF8C5D /* TabbarViewController.swift in Sources */,
				3B4F29DF243110E000832ADA /* SubmitBtnTableViewCell.swift in Sources */,
				BF2BBA4E242CFB050064EC59 /* ProfileTableViewCell.swift in Sources */,
				3B4F29D62430FDA800832ADA /* UIView+Extensions.swift in Sources */,
				BF8773942423C0F500CF8C5D /* ClubEventViewController.swift in Sources */,
				3B4F29CD2430A66400832ADA /* DatePicker.swift in Sources */,
				BF99CEC42425D6670051E775 /* CustomTableViewCell.swift in Sources */,
				BF8773762423BDFD00CF8C5D /* GlobalFunction.swift in Sources */,
				3B04122124279BB4000C9402 /* ViewMoreCollectionViewCell.swift in Sources */,
				BF8773992423C0F500CF8C5D /* CollectionDetailViewController.swift in Sources */,
				BF8773802423BF0B00CF8C5D /* Network.swift in Sources */,
				3B0411F724274FF8000C9402 /* moreSubTableViewCell.swift in Sources */,
				BFE54B87242E438C006D813B /* MyProfileUpdateTableViewCell.swift in Sources */,
				BF8773A62423C12B00CF8C5D /* TopMenuBarCollectionCell.swift in Sources */,
				BF87734D2423AF6200CF8C5D /* AppDelegate.swift in Sources */,
				3B04120924277088000C9402 /* CoverChargesTableViewCell.swift in Sources */,
				3B4F29CB2430A65E00832ADA /* CustomPickerViewController.swift in Sources */,
				3B04120224276523000C9402 /* EventDescTableViewCell.swift in Sources */,
				BF8773662423BB1C00CF8C5D /* BaseViewController.swift in Sources */,
				BF8773732423BDD400CF8C5D /* Model.swift in Sources */,
				BF87739A2423C0F500CF8C5D /* AddBalanceViewController.swift in Sources */,
				BF2EEAF42431023400F286E9 /* LocationSelectViewController.swift in Sources */,
				BF99CEC02425C37D0051E775 /* EventDetailsViewController.swift in Sources */,
				BF8773972423C0F500CF8C5D /* WalletViewController.swift in Sources */,
				BF8773962423C0F500CF8C5D /* DiningViewController.swift in Sources */,
				BF8773822423BF0B00CF8C5D /* Server.swift in Sources */,
				BF8773772423BDFD00CF8C5D /* Constants.swift in Sources */,
				3B4F29DA2430FF5F00832ADA /* TermsAndConditionTableViewCell.swift in Sources */,
			);
			runOnlyForDeploymentPostprocessing = 0;
		};
/* End PBXSourcesBuildPhase section */

/* Begin PBXVariantGroup section */
		BF8773522423AF6200CF8C5D /* Main.storyboard */ = {
			isa = PBXVariantGroup;
			children = (
				BF8773532423AF6200CF8C5D /* Base */,
			);
			name = Main.storyboard;
			sourceTree = "<group>";
		};
		BF8773572423AF6300CF8C5D /* LaunchScreen.storyboard */ = {
			isa = PBXVariantGroup;
			children = (
				BF8773582423AF6300CF8C5D /* Base */,
			);
			name = LaunchScreen.storyboard;
			sourceTree = "<group>";
		};
/* End PBXVariantGroup section */

/* Begin XCBuildConfiguration section */
		BF87735B2423AF6300CF8C5D /* Debug */ = {
			isa = XCBuildConfiguration;
			buildSettings = {
				ALWAYS_SEARCH_USER_PATHS = NO;
				CLANG_ANALYZER_NONNULL = YES;
				CLANG_ANALYZER_NUMBER_OBJECT_CONVERSION = YES_AGGRESSIVE;
				CLANG_CXX_LANGUAGE_STANDARD = "gnu++14";
				CLANG_CXX_LIBRARY = "libc++";
				CLANG_ENABLE_MODULES = YES;
				CLANG_ENABLE_OBJC_ARC = YES;
				CLANG_ENABLE_OBJC_WEAK = YES;
				CLANG_WARN_BLOCK_CAPTURE_AUTORELEASING = YES;
				CLANG_WARN_BOOL_CONVERSION = YES;
				CLANG_WARN_COMMA = YES;
				CLANG_WARN_CONSTANT_CONVERSION = YES;
				CLANG_WARN_DEPRECATED_OBJC_IMPLEMENTATIONS = YES;
				CLANG_WARN_DIRECT_OBJC_ISA_USAGE = YES_ERROR;
				CLANG_WARN_DOCUMENTATION_COMMENTS = YES;
				CLANG_WARN_EMPTY_BODY = YES;
				CLANG_WARN_ENUM_CONVERSION = YES;
				CLANG_WARN_INFINITE_RECURSION = YES;
				CLANG_WARN_INT_CONVERSION = YES;
				CLANG_WARN_NON_LITERAL_NULL_CONVERSION = YES;
				CLANG_WARN_OBJC_IMPLICIT_RETAIN_SELF = YES;
				CLANG_WARN_OBJC_LITERAL_CONVERSION = YES;
				CLANG_WARN_OBJC_ROOT_CLASS = YES_ERROR;
				CLANG_WARN_RANGE_LOOP_ANALYSIS = YES;
				CLANG_WARN_STRICT_PROTOTYPES = YES;
				CLANG_WARN_SUSPICIOUS_MOVE = YES;
				CLANG_WARN_UNGUARDED_AVAILABILITY = YES_AGGRESSIVE;
				CLANG_WARN_UNREACHABLE_CODE = YES;
				CLANG_WARN__DUPLICATE_METHOD_MATCH = YES;
				COPY_PHASE_STRIP = NO;
				DEBUG_INFORMATION_FORMAT = dwarf;
				ENABLE_STRICT_OBJC_MSGSEND = YES;
				ENABLE_TESTABILITY = YES;
				GCC_C_LANGUAGE_STANDARD = gnu11;
				GCC_DYNAMIC_NO_PIC = NO;
				GCC_NO_COMMON_BLOCKS = YES;
				GCC_OPTIMIZATION_LEVEL = 0;
				GCC_PREPROCESSOR_DEFINITIONS = (
					"DEBUG=1",
					"$(inherited)",
				);
				GCC_WARN_64_TO_32_BIT_CONVERSION = YES;
				GCC_WARN_ABOUT_RETURN_TYPE = YES_ERROR;
				GCC_WARN_UNDECLARED_SELECTOR = YES;
				GCC_WARN_UNINITIALIZED_AUTOS = YES_AGGRESSIVE;
				GCC_WARN_UNUSED_FUNCTION = YES;
				GCC_WARN_UNUSED_VARIABLE = YES;
				IPHONEOS_DEPLOYMENT_TARGET = 13.2;
				MTL_ENABLE_DEBUG_INFO = INCLUDE_SOURCE;
				MTL_FAST_MATH = YES;
				ONLY_ACTIVE_ARCH = YES;
				SDKROOT = iphoneos;
				SWIFT_ACTIVE_COMPILATION_CONDITIONS = DEBUG;
				SWIFT_OPTIMIZATION_LEVEL = "-Onone";
			};
			name = Debug;
		};
		BF87735C2423AF6300CF8C5D /* Release */ = {
			isa = XCBuildConfiguration;
			buildSettings = {
				ALWAYS_SEARCH_USER_PATHS = NO;
				CLANG_ANALYZER_NONNULL = YES;
				CLANG_ANALYZER_NUMBER_OBJECT_CONVERSION = YES_AGGRESSIVE;
				CLANG_CXX_LANGUAGE_STANDARD = "gnu++14";
				CLANG_CXX_LIBRARY = "libc++";
				CLANG_ENABLE_MODULES = YES;
				CLANG_ENABLE_OBJC_ARC = YES;
				CLANG_ENABLE_OBJC_WEAK = YES;
				CLANG_WARN_BLOCK_CAPTURE_AUTORELEASING = YES;
				CLANG_WARN_BOOL_CONVERSION = YES;
				CLANG_WARN_COMMA = YES;
				CLANG_WARN_CONSTANT_CONVERSION = YES;
				CLANG_WARN_DEPRECATED_OBJC_IMPLEMENTATIONS = YES;
				CLANG_WARN_DIRECT_OBJC_ISA_USAGE = YES_ERROR;
				CLANG_WARN_DOCUMENTATION_COMMENTS = YES;
				CLANG_WARN_EMPTY_BODY = YES;
				CLANG_WARN_ENUM_CONVERSION = YES;
				CLANG_WARN_INFINITE_RECURSION = YES;
				CLANG_WARN_INT_CONVERSION = YES;
				CLANG_WARN_NON_LITERAL_NULL_CONVERSION = YES;
				CLANG_WARN_OBJC_IMPLICIT_RETAIN_SELF = YES;
				CLANG_WARN_OBJC_LITERAL_CONVERSION = YES;
				CLANG_WARN_OBJC_ROOT_CLASS = YES_ERROR;
				CLANG_WARN_RANGE_LOOP_ANALYSIS = YES;
				CLANG_WARN_STRICT_PROTOTYPES = YES;
				CLANG_WARN_SUSPICIOUS_MOVE = YES;
				CLANG_WARN_UNGUARDED_AVAILABILITY = YES_AGGRESSIVE;
				CLANG_WARN_UNREACHABLE_CODE = YES;
				CLANG_WARN__DUPLICATE_METHOD_MATCH = YES;
				COPY_PHASE_STRIP = NO;
				DEBUG_INFORMATION_FORMAT = "dwarf-with-dsym";
				ENABLE_NS_ASSERTIONS = NO;
				ENABLE_STRICT_OBJC_MSGSEND = YES;
				GCC_C_LANGUAGE_STANDARD = gnu11;
				GCC_NO_COMMON_BLOCKS = YES;
				GCC_WARN_64_TO_32_BIT_CONVERSION = YES;
				GCC_WARN_ABOUT_RETURN_TYPE = YES_ERROR;
				GCC_WARN_UNDECLARED_SELECTOR = YES;
				GCC_WARN_UNINITIALIZED_AUTOS = YES_AGGRESSIVE;
				GCC_WARN_UNUSED_FUNCTION = YES;
				GCC_WARN_UNUSED_VARIABLE = YES;
				IPHONEOS_DEPLOYMENT_TARGET = 13.2;
				MTL_ENABLE_DEBUG_INFO = NO;
				MTL_FAST_MATH = YES;
				SDKROOT = iphoneos;
				SWIFT_COMPILATION_MODE = wholemodule;
				SWIFT_OPTIMIZATION_LEVEL = "-O";
				VALIDATE_PRODUCT = YES;
			};
			name = Release;
		};
		BF87735E2423AF6300CF8C5D /* Debug */ = {
			isa = XCBuildConfiguration;
			baseConfigurationReference = 250F4D8406A879E019532AD7 /* Pods-PartyMantra.debug.xcconfig */;
			buildSettings = {
				ASSETCATALOG_COMPILER_APPICON_NAME = AppIcon;
				CODE_SIGN_STYLE = Automatic;
				INFOPLIST_FILE = PartyMantra/Info.plist;
				IPHONEOS_DEPLOYMENT_TARGET = 11.0;
				LD_RUNPATH_SEARCH_PATHS = (
					"$(inherited)",
					"@executable_path/Frameworks",
				);
				PRODUCT_BUNDLE_IDENTIFIER = Shikha.PartyMantra;
				PRODUCT_NAME = "$(TARGET_NAME)";
				SWIFT_VERSION = 5.0;
				TARGETED_DEVICE_FAMILY = "1,2";
			};
			name = Debug;
		};
		BF87735F2423AF6300CF8C5D /* Release */ = {
			isa = XCBuildConfiguration;
			baseConfigurationReference = C323B65CE59EB81612CA5349 /* Pods-PartyMantra.release.xcconfig */;
			buildSettings = {
				ASSETCATALOG_COMPILER_APPICON_NAME = AppIcon;
				CODE_SIGN_STYLE = Automatic;
				INFOPLIST_FILE = PartyMantra/Info.plist;
				IPHONEOS_DEPLOYMENT_TARGET = 11.0;
				LD_RUNPATH_SEARCH_PATHS = (
					"$(inherited)",
					"@executable_path/Frameworks",
				);
				PRODUCT_BUNDLE_IDENTIFIER = Shikha.PartyMantra;
				PRODUCT_NAME = "$(TARGET_NAME)";
				SWIFT_VERSION = 5.0;
				TARGETED_DEVICE_FAMILY = "1,2";
			};
			name = Release;
		};
/* End XCBuildConfiguration section */

/* Begin XCConfigurationList section */
		BF8773442423AF6200CF8C5D /* Build configuration list for PBXProject "PartyMantra" */ = {
			isa = XCConfigurationList;
			buildConfigurations = (
				BF87735B2423AF6300CF8C5D /* Debug */,
				BF87735C2423AF6300CF8C5D /* Release */,
			);
			defaultConfigurationIsVisible = 0;
			defaultConfigurationName = Release;
		};
		BF87735D2423AF6300CF8C5D /* Build configuration list for PBXNativeTarget "PartyMantra" */ = {
			isa = XCConfigurationList;
			buildConfigurations = (
				BF87735E2423AF6300CF8C5D /* Debug */,
				BF87735F2423AF6300CF8C5D /* Release */,
			);
			defaultConfigurationIsVisible = 0;
			defaultConfigurationName = Release;
		};
/* End XCConfigurationList section */
	};
	rootObject = BF8773412423AF6200CF8C5D /* Project object */;
}
